
Microsoft Visual Studio Solution File, Format Version 12.00
# Visual Studio Version 16
VisualStudioVersion = 16.0.30804.86
MinimumVisualStudioVersion = 10.0.40219.1
Project("{FAE04EC0-301F-11D3-BF4B-00C04F79EFBC}") = "GameLauncher", "GameLauncher\GameLauncher.csproj", "{5DD0BA73-859C-4C78-8E56-AE6593A07A96}"
EndProject
Global
	GlobalSection(SolutionConfigurationPlatforms) = preSolution
		Debug|Any CPU = Debug|Any CPU
		Release|Any CPU = Release|Any CPU
	EndGlobalSection
	GlobalSection(ProjectConfigurationPlatforms) = postSolution
		{5DD0BA73-859C-4C78-8E56-AE6593A07A96}.Debug|Any CPU.ActiveCfg = Debug|Any CPU
		{5DD0BA73-859C-4C78-8E56-AE6593A07A96}.Debug|Any CPU.Build.0 = Debug|Any CPU
		{5DD0BA73-859C-4C78-8E56-AE6593A07A96}.Release|Any CPU.ActiveCfg = Release|Any CPU
		{5DD0BA73-859C-4C78-8E56-AE6593A07A96}.Release|Any CPU.Build.0 = Release|Any CPU
	EndGlobalSection
	GlobalSection(SolutionProperties) = preSolution
		HideSolutionNode = FALSE
	EndGlobalSection
	GlobalSection(ExtensibilityGlobals) = postSolution
		SolutionGuid = {FFCE16F8-154D-4920-8DDB-555A93C939B4}
	EndGlobalSection
EndGlobal
